<?xml version="1.0" encoding="utf-8"?>
<Project ToolsVersion="4.0" xmlns="http://schemas.microsoft.com/developer/msbuild/2003">
  <ItemGroup>
    <Filter Include="Source Files">
      <UniqueIdentifier>{4FC737F1-C7A5-4376-A066-2A32D752A2FF}</UniqueIdentifier>
      <Extensions>cpp;c;cc;cxx;def;odl;idl;hpj;bat;asm;asmx</Extensions>
    </Filter>
    <Filter Include="Header Files">
      <UniqueIdentifier>{93995380-89BD-4b04-88EB-625FBE52EBFB}</UniqueIdentifier>
      <Extensions>h;hpp;hxx;hm;inl;inc;xsd</Extensions>
    </Filter>
    <Filter Include="Resource Files">
      <UniqueIdentifier>{67DA6AB6-F800-4c08-8B7A-83BB121AAD01}</UniqueIdentifier>
      <Extensions>rc;ico;cur;bmp;dlg;rc2;rct;bin;rgs;gif;jpg;jpeg;jpe;resx;tiff;tif;png;wav;mfcribbon-ms</Extensions>
    </Filter>
    <Filter Include="md2">
      <UniqueIdentifier>{f98883eb-8306-4ca1-adf3-f76f50571274}</UniqueIdentifier>
    </Filter>
  </ItemGroup>
  <ItemGroup>
    <ClCompile Include="Source\glm.cpp">
      <Filter>Source Files</Filter>
    </ClCompile>
    <ClCompile Include="Source\main.cpp">
      <Filter>Source Files</Filter>
    </ClCompile>
    <ClCompile Include="Source\terrain.cpp">
      <Filter>Source Files</Filter>
    </ClCompile>
    <ClCompile Include="Source\scene.cpp">
      <Filter>Source Files</Filter>
    </ClCompile>
    <ClCompile Include="Source\input.cpp">
      <Filter>Source Files</Filter>
    </ClCompile>
    <ClCompile Include="Source\output.cpp">
      <Filter>Source Files</Filter>
    </ClCompile>
    <ClCompile Include="Source\md2\Image.cpp">
      <Filter>md2</Filter>
    </ClCompile>
    <ClCompile Include="Source\md2\Texture.cpp">
      <Filter>md2</Filter>
    </ClCompile>
    <ClCompile Include="Source\md2\Md2Player.cpp">
      <Filter>md2</Filter>
    </ClCompile>
    <ClCompile Include="Source\md2\Md2Model.cpp">
      <Filter>md2</Filter>
    </ClCompile>
    <ClCompile Include="Source\AABox.cpp">
      <Filter>Source Files</Filter>
    </ClCompile>
    <ClCompile Include="Source\FrustumG.cpp">
      <Filter>Source Files</Filter>
    </ClCompile>
    <ClCompile Include="Source\Vec3.cpp">
      <Filter>Source Files</Filter>
    </ClCompile>
    <ClCompile Include="Source\Plane.cpp">
      <Filter>Source Files</Filter>
    </ClCompile>
  </ItemGroup>
  <ItemGroup>
    <ClInclude Include="Source\glm.h">
      <Filter>Header Files</Filter>
    </ClInclude>
    <ClInclude Include="Source\terrain.h">
      <Filter>Header Files</Filter>
    </ClInclude>
    <ClInclude Include="Source\scene.h">
      <Filter>Header Files</Filter>
    </ClInclude>
    <ClInclude Include="Source\config.h">
      <Filter>Header Files</Filter>
    </ClInclude>
    <ClInclude Include="Source\input.h">
      <Filter>Header Files</Filter>
    </ClInclude>
    <ClInclude Include="Source\output.h">
      <Filter>Header Files</Filter>
    </ClInclude>
    <ClInclude Include="Source\vars.h">
      <Filter>Header Files</Filter>
    </ClInclude>
    <ClInclude Include="Source\md2\Anorms.h">
      <Filter>md2</Filter>
    </ClInclude>
    <ClInclude Include="Source\md2\DataManager.h">
      <Filter>md2</Filter>
    </ClInclude>
    <ClInclude Include="Source\md2\Image.h">
      <Filter>md2</Filter>
    </ClInclude>
    <ClInclude Include="Source\md2\Md2Model.h">
      <Filter>md2</Filter>
    </ClInclude>
    <ClInclude Include="Source\md2\texture.h">
      <Filter>md2</Filter>
    </ClInclude>
    <ClInclude Include="Source\md2\TextureManager.h">
      <Filter>md2</Filter>
    </ClInclude>
    <ClInclude Include="Source\md2\Md2Player.h">
      <Filter>md2</Filter>
    </ClInclude>
    <ClInclude Include="Source\Vec3.h">
      <Filter>Header Files</Filter>
    </ClInclude>
    <ClInclude Include="Source\FrustumG.h">
      <Filter>Header Files</Filter>
    </ClInclude>
    <ClInclude Include="Source\AABox.h">
      <Filter>Header Files</Filter>
    </ClInclude>
    <ClInclude Include="Source\Plane.h">
      <Filter>Header Files</Filter>
    </ClInclude>
  </ItemGroup>
  <ItemGroup>
    <None Include="Source\md2\DataManager.inl">
      <Filter>md2</Filter>
    </None>
  </ItemGroup>
</Project>